
Microsoft Visual Studio Solution File, Format Version 12.00
# Visual Studio Version 16
VisualStudioVersion = 16.0.35325.158
MinimumVisualStudioVersion = 10.0.40219.1
Project("{FAE04EC0-301F-11D3-BF4B-00C04F79EFBC}") = "OS Project", "OS Project.csproj", "{7C7486BA-8F1C-4371-B13B-7E233231291C}"
EndProject
Global
	GlobalSection(SolutionConfigurationPlatforms) = preSolution
		Debug|Any CPU = Debug|Any CPU
		Release|Any CPU = Release|Any CPU
	EndGlobalSection
	GlobalSection(ProjectConfigurationPlatforms) = postSolution
		{7C7486BA-8F1C-4371-B13B-7E233231291C}.Debug|Any CPU.ActiveCfg = Debug|Any CPU
		{7C7486BA-8F1C-4371-B13B-7E233231291C}.Debug|Any CPU.Build.0 = Debug|Any CPU
		{7C7486BA-8F1C-4371-B13B-7E233231291C}.Release|Any CPU.ActiveCfg = Release|Any CPU
		{7C7486BA-8F1C-4371-B13B-7E233231291C}.Release|Any CPU.Build.0 = Release|Any CPU
	EndGlobalSection
	GlobalSection(SolutionProperties) = preSolution
		HideSolutionNode = FALSE
	EndGlobalSection
	GlobalSection(ExtensibilityGlobals) = postSolution
		SolutionGuid = {4F8B0011-C520-4836-9414-56CD37AF29F4}
	EndGlobalSection
EndGlobal
